
Microsoft Visual Studio Solution File, Format Version 12.00
# Visual Studio 15
Project("{FAE04EC0-301F-11D3-BF4B-00C04F79EFBC}") = "TicTacToo", "TicTacToo\TicTacToo.csproj", "{FFF33B59-F357-4585-BD41-4EA07C20509B}"
EndProject
Global
	GlobalSection(SolutionConfigurationPlatforms) = preSolution
		Debug|Any CPU = Debug|Any CPU
		Release|Any CPU = Release|Any CPU
	EndGlobalSection
	GlobalSection(ProjectConfigurationPlatforms) = postSolution
		{FFF33B59-F357-4585-BD41-4EA07C20509B}.Debug|Any CPU.ActiveCfg = Debug|Any CPU
		{FFF33B59-F357-4585-BD41-4EA07C20509B}.Debug|Any CPU.Build.0 = Debug|Any CPU
		{FFF33B59-F357-4585-BD41-4EA07C20509B}.Release|Any CPU.ActiveCfg = Release|Any CPU
		{FFF33B59-F357-4585-BD41-4EA07C20509B}.Release|Any CPU.Build.0 = Release|Any CPU
	EndGlobalSection
EndGlobal
